// !$*UTF8*$!
{
	archiveVersion = 1;
	classes = {
	};
	objectVersion = 46;
	objects = {

/* Begin PBXBuildFile section */
		25C861A09D9888E2811D0F06 /* Pods.framework in Frameworks */ = {isa = PBXBuildFile; fileRef = 48953E8A0982D8CAF6A08ABF /* Pods.framework */; settings = {ATTRIBUTES = (Weak, ); }; };
		6B8255FD1B8AC8BA005E2397 /* UserTableViewCell.swift in Sources */ = {isa = PBXBuildFile; fileRef = 6B8255FC1B8AC8BA005E2397 /* UserTableViewCell.swift */; };
		6B8256011B8ACB8D005E2397 /* UserViewController.swift in Sources */ = {isa = PBXBuildFile; fileRef = 6B8256001B8ACB8D005E2397 /* UserViewController.swift */; };
		6B8256091B8AE755005E2397 /* User.swift in Sources */ = {isa = PBXBuildFile; fileRef = 6B8256081B8AE754005E2397 /* User.swift */; };
		6B82560A1B8AE755005E2397 /* User.swift in Sources */ = {isa = PBXBuildFile; fileRef = 6B8256081B8AE754005E2397 /* User.swift */; };
		6B82560C1B8AE79D005E2397 /* UserTests.swift in Sources */ = {isa = PBXBuildFile; fileRef = 6B82560B1B8AE79D005E2397 /* UserTests.swift */; };
		6BB1A5391B9595A200813021 /* ResetPasswordViewController.swift in Sources */ = {isa = PBXBuildFile; fileRef = 6BB1A5381B9595A200813021 /* ResetPasswordViewController.swift */; };
		6BEBBBEA1B8EED81007EEF4A /* SignupViewController.swift in Sources */ = {isa = PBXBuildFile; fileRef = 6BEBBBE91B8EED81007EEF4A /* SignupViewController.swift */; };
		6BF845CB1B956BE700BDFA11 /* ForgotPasswordViewController.swift in Sources */ = {isa = PBXBuildFile; fileRef = 6BF845CA1B956BE700BDFA11 /* ForgotPasswordViewController.swift */; };
		8969712F1B93F5C500B0CB4C /* Router.swift in Sources */ = {isa = PBXBuildFile; fileRef = 8969712E1B93F5C500B0CB4C /* Router.swift */; };
		89878BAB1B842B41004CCD77 /* Micropost.swift in Sources */ = {isa = PBXBuildFile; fileRef = 89878BAA1B842B41004CCD77 /* Micropost.swift */; };
		89878BAC1B842B41004CCD77 /* Micropost.swift in Sources */ = {isa = PBXBuildFile; fileRef = 89878BAA1B842B41004CCD77 /* Micropost.swift */; };
		89878BB21B844E8C004CCD77 /* FeedViewController.swift in Sources */ = {isa = PBXBuildFile; fileRef = 89878BB11B844E8C004CCD77 /* FeedViewController.swift */; };
		89A0FFF21B8D7BB000652A4B /* LoginViewController.swift in Sources */ = {isa = PBXBuildFile; fileRef = 89A0FFF11B8D7BB000652A4B /* LoginViewController.swift */; };
		89A8F4161B96D7A90014C18E /* ProfileViewController.swift in Sources */ = {isa = PBXBuildFile; fileRef = 89A8F4151B96D7A90014C18E /* ProfileViewController.swift */; };
		89DAD6191B96C74300BB43A6 /* ConfigViewController.swift in Sources */ = {isa = PBXBuildFile; fileRef = 89DAD6181B96C74300BB43A6 /* ConfigViewController.swift */; };
		AB55C03A1B8304830077C16C /* AppDelegate.swift in Sources */ = {isa = PBXBuildFile; fileRef = AB55C0391B8304830077C16C /* AppDelegate.swift */; };
		AB55C0411B8304830077C16C /* Images.xcassets in Resources */ = {isa = PBXBuildFile; fileRef = AB55C0401B8304830077C16C /* Images.xcassets */; };
		AB55C0501B8304830077C16C /* KakicoTests.swift in Sources */ = {isa = PBXBuildFile; fileRef = AB55C04F1B8304830077C16C /* KakicoTests.swift */; };
		AB785DDE1B846EED002DA142 /* MicropostlViewController.swift in Sources */ = {isa = PBXBuildFile; fileRef = AB785DDD1B846EED002DA142 /* MicropostlViewController.swift */; };
		AB785DE21B848715002DA142 /* LaunchScreen.xib in Resources */ = {isa = PBXBuildFile; fileRef = AB785DE11B848715002DA142 /* LaunchScreen.xib */; };
		AB980B101B93FC2300ED6ACB /* Main.storyboard in Resources */ = {isa = PBXBuildFile; fileRef = AB980B0F1B93FC2300ED6ACB /* Main.storyboard */; };
		ABF1C7311B84557D00032F37 /* MicropostCell.swift in Sources */ = {isa = PBXBuildFile; fileRef = ABF1C7301B84557D00032F37 /* MicropostCell.swift */; };
/* End PBXBuildFile section */

/* Begin PBXContainerItemProxy section */
		AB55C04A1B8304830077C16C /* PBXContainerItemProxy */ = {
			isa = PBXContainerItemProxy;
			containerPortal = AB55C02C1B8304830077C16C /* Project object */;
			proxyType = 1;
			remoteGlobalIDString = AB55C0331B8304830077C16C;
			remoteInfo = Kakico;
		};
/* End PBXContainerItemProxy section */

/* Begin PBXFileReference section */
		0B37E5E41D741F08483B9CD0 /* Pods.release.xcconfig */ = {isa = PBXFileReference; includeInIndex = 1; lastKnownFileType = text.xcconfig; name = Pods.release.xcconfig; path = "Pods/Target Support Files/Pods/Pods.release.xcconfig"; sourceTree = "<group>"; };
		31D3F4020A52B9C72A4E00EE /* Pods.debug.xcconfig */ = {isa = PBXFileReference; includeInIndex = 1; lastKnownFileType = text.xcconfig; name = Pods.debug.xcconfig; path = "Pods/Target Support Files/Pods/Pods.debug.xcconfig"; sourceTree = "<group>"; };
		48953E8A0982D8CAF6A08ABF /* Pods.framework */ = {isa = PBXFileReference; explicitFileType = wrapper.framework; includeInIndex = 0; path = Pods.framework; sourceTree = BUILT_PRODUCTS_DIR; };
		6B8255FC1B8AC8BA005E2397 /* UserTableViewCell.swift */ = {isa = PBXFileReference; fileEncoding = 4; lastKnownFileType = sourcecode.swift; name = UserTableViewCell.swift; path = Views/Cells/UserTableViewCell.swift; sourceTree = "<group>"; };
		6B8256001B8ACB8D005E2397 /* UserViewController.swift */ = {isa = PBXFileReference; fileEncoding = 4; lastKnownFileType = sourcecode.swift; name = UserViewController.swift; path = Controllers/UserViewController.swift; sourceTree = "<group>"; };
		6B8256081B8AE754005E2397 /* User.swift */ = {isa = PBXFileReference; fileEncoding = 4; lastKnownFileType = sourcecode.swift; path = User.swift; sourceTree = "<group>"; };
		6B82560B1B8AE79D005E2397 /* UserTests.swift */ = {isa = PBXFileReference; fileEncoding = 4; lastKnownFileType = sourcecode.swift; name = UserTests.swift; path = KakicoTests/UserTests.swift; sourceTree = SOURCE_ROOT; };
		6BB1A5381B9595A200813021 /* ResetPasswordViewController.swift */ = {isa = PBXFileReference; fileEncoding = 4; lastKnownFileType = sourcecode.swift; name = ResetPasswordViewController.swift; path = Controllers/ResetPasswordViewController.swift; sourceTree = "<group>"; };
		6BEBBBE91B8EED81007EEF4A /* SignupViewController.swift */ = {isa = PBXFileReference; fileEncoding = 4; lastKnownFileType = sourcecode.swift; name = SignupViewController.swift; path = Controllers/SignupViewController.swift; sourceTree = "<group>"; };
		6BF845CA1B956BE700BDFA11 /* ForgotPasswordViewController.swift */ = {isa = PBXFileReference; fileEncoding = 4; lastKnownFileType = sourcecode.swift; name = ForgotPasswordViewController.swift; path = Controllers/ForgotPasswordViewController.swift; sourceTree = "<group>"; };
		8969712E1B93F5C500B0CB4C /* Router.swift */ = {isa = PBXFileReference; fileEncoding = 4; lastKnownFileType = sourcecode.swift; path = Router.swift; sourceTree = "<group>"; };
		89878BAA1B842B41004CCD77 /* Micropost.swift */ = {isa = PBXFileReference; fileEncoding = 4; lastKnownFileType = sourcecode.swift; path = Micropost.swift; sourceTree = "<group>"; };
		89878BB11B844E8C004CCD77 /* FeedViewController.swift */ = {isa = PBXFileReference; fileEncoding = 4; lastKnownFileType = sourcecode.swift; name = FeedViewController.swift; path = Controllers/FeedViewController.swift; sourceTree = "<group>"; };
		89A0FFF11B8D7BB000652A4B /* LoginViewController.swift */ = {isa = PBXFileReference; fileEncoding = 4; lastKnownFileType = sourcecode.swift; name = LoginViewController.swift; path = Controllers/LoginViewController.swift; sourceTree = "<group>"; };
		89A8F4151B96D7A90014C18E /* ProfileViewController.swift */ = {isa = PBXFileReference; fileEncoding = 4; lastKnownFileType = sourcecode.swift; name = ProfileViewController.swift; path = Controllers/ProfileViewController.swift; sourceTree = "<group>"; };
		89DAD6181B96C74300BB43A6 /* ConfigViewController.swift */ = {isa = PBXFileReference; fileEncoding = 4; lastKnownFileType = sourcecode.swift; name = ConfigViewController.swift; path = Controllers/ConfigViewController.swift; sourceTree = "<group>"; };
		89F9743A1B955970002A30D7 /* Kakico-Bridging-Header.h */ = {isa = PBXFileReference; lastKnownFileType = sourcecode.c.h; path = "Kakico-Bridging-Header.h"; sourceTree = "<group>"; };
		AB55C0341B8304830077C16C /* Kakico.app */ = {isa = PBXFileReference; explicitFileType = wrapper.application; includeInIndex = 0; path = Kakico.app; sourceTree = BUILT_PRODUCTS_DIR; };
		AB55C0381B8304830077C16C /* Info.plist */ = {isa = PBXFileReference; lastKnownFileType = text.plist.xml; path = Info.plist; sourceTree = "<group>"; };
		AB55C0391B8304830077C16C /* AppDelegate.swift */ = {isa = PBXFileReference; lastKnownFileType = sourcecode.swift; path = AppDelegate.swift; sourceTree = "<group>"; };
		AB55C0401B8304830077C16C /* Images.xcassets */ = {isa = PBXFileReference; lastKnownFileType = folder.assetcatalog; path = Images.xcassets; sourceTree = "<group>"; };
		AB55C0491B8304830077C16C /* KakicoTests.xctest */ = {isa = PBXFileReference; explicitFileType = wrapper.cfbundle; includeInIndex = 0; path = KakicoTests.xctest; sourceTree = BUILT_PRODUCTS_DIR; };
		AB55C04E1B8304830077C16C /* Info.plist */ = {isa = PBXFileReference; lastKnownFileType = text.plist.xml; path = Info.plist; sourceTree = "<group>"; };
		AB55C04F1B8304830077C16C /* KakicoTests.swift */ = {isa = PBXFileReference; lastKnownFileType = sourcecode.swift; path = KakicoTests.swift; sourceTree = "<group>"; };
		AB785DDD1B846EED002DA142 /* MicropostlViewController.swift */ = {isa = PBXFileReference; fileEncoding = 4; lastKnownFileType = sourcecode.swift; name = MicropostlViewController.swift; path = Controllers/MicropostlViewController.swift; sourceTree = "<group>"; };
		AB785DE11B848715002DA142 /* LaunchScreen.xib */ = {isa = PBXFileReference; lastKnownFileType = file.xib; name = LaunchScreen.xib; path = Xibs/LaunchScreen.xib; sourceTree = "<group>"; };
		AB980B0F1B93FC2300ED6ACB /* Main.storyboard */ = {isa = PBXFileReference; fileEncoding = 4; lastKnownFileType = file.storyboard; name = Main.storyboard; path = Storyboards/Main.storyboard; sourceTree = "<group>"; };
		ABF1C7301B84557D00032F37 /* MicropostCell.swift */ = {isa = PBXFileReference; lastKnownFileType = sourcecode.swift; name = MicropostCell.swift; path = Views/Cells/MicropostCell.swift; sourceTree = "<group>"; };
/* End PBXFileReference section */

/* Begin PBXFrameworksBuildPhase section */
		AB55C0311B8304830077C16C /* Frameworks */ = {
			isa = PBXFrameworksBuildPhase;
			buildActionMask = 2147483647;
			files = (
				25C861A09D9888E2811D0F06 /* Pods.framework in Frameworks */,
			);
			runOnlyForDeploymentPostprocessing = 0;
		};
		AB55C0461B8304830077C16C /* Frameworks */ = {
			isa = PBXFrameworksBuildPhase;
			buildActionMask = 2147483647;
			files = (
			);
			runOnlyForDeploymentPostprocessing = 0;
		};
/* End PBXFrameworksBuildPhase section */

/* Begin PBXGroup section */
		02DF9C05C264FAEE9C5881BA /* Frameworks */ = {
			isa = PBXGroup;
			children = (
				48953E8A0982D8CAF6A08ABF /* Pods.framework */,
			);
			name = Frameworks;
			sourceTree = "<group>";
		};
		6BD417031B8C0CB60027BC14 /* Classes */ = {
			isa = PBXGroup;
			children = (
				6BD417051B8C0D0B0027BC14 /* Models */,
				6BD417061B8C0D200027BC14 /* Views */,
				6BD417041B8C0CBE0027BC14 /* Controllers */,
				6BD417071B8C0D300027BC14 /* Storyboards */,
				6BD417091B8C0D740027BC14 /* Xibs */,
			);
			path = Classes;
			sourceTree = "<group>";
		};
		6BD417041B8C0CBE0027BC14 /* Controllers */ = {
			isa = PBXGroup;
			children = (
				89878BB11B844E8C004CCD77 /* FeedViewController.swift */,
				AB785DDD1B846EED002DA142 /* MicropostlViewController.swift */,
				6B8256001B8ACB8D005E2397 /* UserViewController.swift */,
				89A0FFF11B8D7BB000652A4B /* LoginViewController.swift */,
				6BEBBBE91B8EED81007EEF4A /* SignupViewController.swift */,
				6BF845CA1B956BE700BDFA11 /* ForgotPasswordViewController.swift */,
				6BB1A5381B9595A200813021 /* ResetPasswordViewController.swift */,
				89DAD6181B96C74300BB43A6 /* ConfigViewController.swift */,
				89A8F4151B96D7A90014C18E /* ProfileViewController.swift */,
			);
			name = Controllers;
			sourceTree = "<group>";
		};
		6BD417051B8C0D0B0027BC14 /* Models */ = {
			isa = PBXGroup;
			children = (
				89878BAA1B842B41004CCD77 /* Micropost.swift */,
				6B8256081B8AE754005E2397 /* User.swift */,
				8969712E1B93F5C500B0CB4C /* Router.swift */,
			);
			path = Models;
			sourceTree = "<group>";
		};
		6BD417061B8C0D200027BC14 /* Views */ = {
			isa = PBXGroup;
			children = (
				6BD417081B8C0D500027BC14 /* Cells */,
			);
			name = Views;
			sourceTree = "<group>";
		};
		6BD417071B8C0D300027BC14 /* Storyboards */ = {
			isa = PBXGroup;
			children = (
				AB980B0F1B93FC2300ED6ACB /* Main.storyboard */,
			);
			name = Storyboards;
			sourceTree = "<group>";
		};
		6BD417081B8C0D500027BC14 /* Cells */ = {
			isa = PBXGroup;
			children = (
				ABF1C7301B84557D00032F37 /* MicropostCell.swift */,
				6B8255FC1B8AC8BA005E2397 /* UserTableViewCell.swift */,
			);
			name = Cells;
			sourceTree = "<group>";
		};
		6BD417091B8C0D740027BC14 /* Xibs */ = {
			isa = PBXGroup;
			children = (
				AB785DE11B848715002DA142 /* LaunchScreen.xib */,
			);
			name = Xibs;
			sourceTree = "<group>";
		};
		AB55C02B1B8304830077C16C = {
			isa = PBXGroup;
			children = (
				AB55C0361B8304830077C16C /* Kakico */,
				AB55C04C1B8304830077C16C /* KakicoTests */,
				AB55C0351B8304830077C16C /* Products */,
				DA3780588E2049767C875916 /* Pods */,
				02DF9C05C264FAEE9C5881BA /* Frameworks */,
			);
			sourceTree = "<group>";
		};
		AB55C0351B8304830077C16C /* Products */ = {
			isa = PBXGroup;
			children = (
				AB55C0341B8304830077C16C /* Kakico.app */,
				AB55C0491B8304830077C16C /* KakicoTests.xctest */,
			);
			name = Products;
			sourceTree = "<group>";
		};
		AB55C0361B8304830077C16C /* Kakico */ = {
			isa = PBXGroup;
			children = (
				AB55C0391B8304830077C16C /* AppDelegate.swift */,
				6BD417031B8C0CB60027BC14 /* Classes */,
				AB55C0401B8304830077C16C /* Images.xcassets */,
				AB55C0371B8304830077C16C /* Supporting Files */,
			);
			path = Kakico;
			sourceTree = "<group>";
		};
		AB55C0371B8304830077C16C /* Supporting Files */ = {
			isa = PBXGroup;
			children = (
				89F9743A1B955970002A30D7 /* Kakico-Bridging-Header.h */,
				AB55C0381B8304830077C16C /* Info.plist */,
			);
			name = "Supporting Files";
			sourceTree = "<group>";
		};
		AB55C04C1B8304830077C16C /* KakicoTests */ = {
			isa = PBXGroup;
			children = (
				AB55C04F1B8304830077C16C /* KakicoTests.swift */,
				6B82560B1B8AE79D005E2397 /* UserTests.swift */,
				AB55C04D1B8304830077C16C /* Supporting Files */,
			);
			path = KakicoTests;
			sourceTree = "<group>";
		};
		AB55C04D1B8304830077C16C /* Supporting Files */ = {
			isa = PBXGroup;
			children = (
				AB55C04E1B8304830077C16C /* Info.plist */,
			);
			name = "Supporting Files";
			sourceTree = "<group>";
		};
		DA3780588E2049767C875916 /* Pods */ = {
			isa = PBXGroup;
			children = (
				31D3F4020A52B9C72A4E00EE /* Pods.debug.xcconfig */,
				0B37E5E41D741F08483B9CD0 /* Pods.release.xcconfig */,
			);
			name = Pods;
			sourceTree = "<group>";
		};
/* End PBXGroup section */

/* Begin PBXNativeTarget section */
		AB55C0331B8304830077C16C /* Kakico */ = {
			isa = PBXNativeTarget;
			buildConfigurationList = AB55C0531B8304830077C16C /* Build configuration list for PBXNativeTarget "Kakico" */;
			buildPhases = (
				1DB957AE5993DE3F3BC73CE5 /* Check Pods Manifest.lock */,
				AB55C0301B8304830077C16C /* Sources */,
				AB55C0311B8304830077C16C /* Frameworks */,
				AB55C0321B8304830077C16C /* Resources */,
				EDA96548AEDC66CACDE30961 /* Embed Pods Frameworks */,
				42BDCEEA6EEC4A9456E184D1 /* Copy Pods Resources */,
			);
			buildRules = (
			);
			dependencies = (
			);
			name = Kakico;
			productName = Kakico;
			productReference = AB55C0341B8304830077C16C /* Kakico.app */;
			productType = "com.apple.product-type.application";
		};
		AB55C0481B8304830077C16C /* KakicoTests */ = {
			isa = PBXNativeTarget;
			buildConfigurationList = AB55C0561B8304830077C16C /* Build configuration list for PBXNativeTarget "KakicoTests" */;
			buildPhases = (
				AB55C0451B8304830077C16C /* Sources */,
				AB55C0461B8304830077C16C /* Frameworks */,
				AB55C0471B8304830077C16C /* Resources */,
			);
			buildRules = (
			);
			dependencies = (
				AB55C04B1B8304830077C16C /* PBXTargetDependency */,
			);
			name = KakicoTests;
			productName = KakicoTests;
			productReference = AB55C0491B8304830077C16C /* KakicoTests.xctest */;
			productType = "com.apple.product-type.bundle.unit-test";
		};
/* End PBXNativeTarget section */

/* Begin PBXProject section */
		AB55C02C1B8304830077C16C /* Project object */ = {
			isa = PBXProject;
			attributes = {
				LastUpgradeCheck = 0640;
				ORGANIZATIONNAME = usr0600370;
				TargetAttributes = {
					AB55C0331B8304830077C16C = {
						CreatedOnToolsVersion = 6.4;
					};
					AB55C0481B8304830077C16C = {
						CreatedOnToolsVersion = 6.4;
						TestTargetID = AB55C0331B8304830077C16C;
					};
				};
			};
			buildConfigurationList = AB55C02F1B8304830077C16C /* Build configuration list for PBXProject "Kakico" */;
			compatibilityVersion = "Xcode 3.2";
			developmentRegion = English;
			hasScannedForEncodings = 0;
			knownRegions = (
				en,
				Base,
			);
			mainGroup = AB55C02B1B8304830077C16C;
			productRefGroup = AB55C0351B8304830077C16C /* Products */;
			projectDirPath = "";
			projectRoot = "";
			targets = (
				AB55C0331B8304830077C16C /* Kakico */,
				AB55C0481B8304830077C16C /* KakicoTests */,
			);
		};
/* End PBXProject section */

/* Begin PBXResourcesBuildPhase section */
		AB55C0321B8304830077C16C /* Resources */ = {
			isa = PBXResourcesBuildPhase;
			buildActionMask = 2147483647;
			files = (
				AB980B101B93FC2300ED6ACB /* Main.storyboard in Resources */,
				AB785DE21B848715002DA142 /* LaunchScreen.xib in Resources */,
				AB55C0411B8304830077C16C /* Images.xcassets in Resources */,
			);
			runOnlyForDeploymentPostprocessing = 0;
		};
		AB55C0471B8304830077C16C /* Resources */ = {
			isa = PBXResourcesBuildPhase;
			buildActionMask = 2147483647;
			files = (
			);
			runOnlyForDeploymentPostprocessing = 0;
		};
/* End PBXResourcesBuildPhase section */

/* Begin PBXShellScriptBuildPhase section */
		1DB957AE5993DE3F3BC73CE5 /* Check Pods Manifest.lock */ = {
			isa = PBXShellScriptBuildPhase;
			buildActionMask = 2147483647;
			files = (
			);
			inputPaths = (
			);
			name = "Check Pods Manifest.lock";
			outputPaths = (
			);
			runOnlyForDeploymentPostprocessing = 0;
			shellPath = /bin/sh;
			shellScript = "diff \"${PODS_ROOT}/../Podfile.lock\" \"${PODS_ROOT}/Manifest.lock\" > /dev/null\nif [[ $? != 0 ]] ; then\n    cat << EOM\nerror: The sandbox is not in sync with the Podfile.lock. Run 'pod install' or update your CocoaPods installation.\nEOM\n    exit 1\nfi\n";
			showEnvVarsInLog = 0;
		};
		42BDCEEA6EEC4A9456E184D1 /* Copy Pods Resources */ = {
			isa = PBXShellScriptBuildPhase;
			buildActionMask = 2147483647;
			files = (
			);
			inputPaths = (
			);
			name = "Copy Pods Resources";
			outputPaths = (
			);
			runOnlyForDeploymentPostprocessing = 0;
			shellPath = /bin/sh;
			shellScript = "\"${SRCROOT}/Pods/Target Support Files/Pods/Pods-resources.sh\"\n";
			showEnvVarsInLog = 0;
		};
		EDA96548AEDC66CACDE30961 /* Embed Pods Frameworks */ = {
			isa = PBXShellScriptBuildPhase;
			buildActionMask = 2147483647;
			files = (
			);
			inputPaths = (
			);
			name = "Embed Pods Frameworks";
			outputPaths = (
			);
			runOnlyForDeploymentPostprocessing = 0;
			shellPath = /bin/sh;
			shellScript = "\"${SRCROOT}/Pods/Target Support Files/Pods/Pods-frameworks.sh\"\n";
			showEnvVarsInLog = 0;
		};
/* End PBXShellScriptBuildPhase section */

/* Begin PBXSourcesBuildPhase section */
		AB55C0301B8304830077C16C /* Sources */ = {
			isa = PBXSourcesBuildPhase;
			buildActionMask = 2147483647;
			files = (
				89A0FFF21B8D7BB000652A4B /* LoginViewController.swift in Sources */,
				ABF1C7311B84557D00032F37 /* MicropostCell.swift in Sources */,
				6BEBBBEA1B8EED81007EEF4A /* SignupViewController.swift in Sources */,
				8969712F1B93F5C500B0CB4C /* Router.swift in Sources */,
				89DAD6191B96C74300BB43A6 /* ConfigViewController.swift in Sources */,
				6B8256011B8ACB8D005E2397 /* UserViewController.swift in Sources */,
				89878BB21B844E8C004CCD77 /* FeedViewController.swift in Sources */,
				6B8255FD1B8AC8BA005E2397 /* UserTableViewCell.swift in Sources */,
				6BF845CB1B956BE700BDFA11 /* ForgotPasswordViewController.swift in Sources */,
				6B8256091B8AE755005E2397 /* User.swift in Sources */,
				6BB1A5391B9595A200813021 /* ResetPasswordViewController.swift in Sources */,
				89878BAB1B842B41004CCD77 /* Micropost.swift in Sources */,
				89A8F4161B96D7A90014C18E /* ProfileViewController.swift in Sources */,
				AB55C03A1B8304830077C16C /* AppDelegate.swift in Sources */,
				AB785DDE1B846EED002DA142 /* MicropostlViewController.swift in Sources */,
			);
			runOnlyForDeploymentPostprocessing = 0;
		};
		AB55C0451B8304830077C16C /* Sources */ = {
			isa = PBXSourcesBuildPhase;
			buildActionMask = 2147483647;
			files = (
				6B82560C1B8AE79D005E2397 /* UserTests.swift in Sources */,
				89878BAC1B842B41004CCD77 /* Micropost.swift in Sources */,
				AB55C0501B8304830077C16C /* KakicoTests.swift in Sources */,
				6B82560A1B8AE755005E2397 /* User.swift in Sources */,
			);
			runOnlyForDeploymentPostprocessing = 0;
		};
/* End PBXSourcesBuildPhase section */

/* Begin PBXTargetDependency section */
		AB55C04B1B8304830077C16C /* PBXTargetDependency */ = {
			isa = PBXTargetDependency;
			target = AB55C0331B8304830077C16C /* Kakico */;
			targetProxy = AB55C04A1B8304830077C16C /* PBXContainerItemProxy */;
		};
/* End PBXTargetDependency section */

/* Begin XCBuildConfiguration section */
		AB55C0511B8304830077C16C /* Debug */ = {
			isa = XCBuildConfiguration;
			buildSettings = {
				ALWAYS_SEARCH_USER_PATHS = NO;
				CLANG_CXX_LANGUAGE_STANDARD = "gnu++0x";
				CLANG_CXX_LIBRARY = "libc++";
				CLANG_ENABLE_MODULES = YES;
				CLANG_ENABLE_OBJC_ARC = YES;
				CLANG_WARN_BOOL_CONVERSION = YES;
				CLANG_WARN_CONSTANT_CONVERSION = YES;
				CLANG_WARN_DIRECT_OBJC_ISA_USAGE = YES_ERROR;
				CLANG_WARN_EMPTY_BODY = YES;
				CLANG_WARN_ENUM_CONVERSION = YES;
				CLANG_WARN_INT_CONVERSION = YES;
				CLANG_WARN_OBJC_ROOT_CLASS = YES_ERROR;
				CLANG_WARN_UNREACHABLE_CODE = YES;
				CLANG_WARN__DUPLICATE_METHOD_MATCH = YES;
				"CODE_SIGN_IDENTITY[sdk=iphoneos*]" = "iPhone Developer";
				COPY_PHASE_STRIP = NO;
				DEBUG_INFORMATION_FORMAT = "dwarf-with-dsym";
				ENABLE_STRICT_OBJC_MSGSEND = YES;
				GCC_C_LANGUAGE_STANDARD = gnu99;
				GCC_DYNAMIC_NO_PIC = NO;
				GCC_NO_COMMON_BLOCKS = YES;
				GCC_OPTIMIZATION_LEVEL = 0;
				GCC_PREPROCESSOR_DEFINITIONS = (
					"DEBUG=1",
					"$(inherited)",
				);
				GCC_SYMBOLS_PRIVATE_EXTERN = NO;
				GCC_WARN_64_TO_32_BIT_CONVERSION = YES;
				GCC_WARN_ABOUT_RETURN_TYPE = YES_ERROR;
				GCC_WARN_UNDECLARED_SELECTOR = YES;
				GCC_WARN_UNINITIALIZED_AUTOS = YES_AGGRESSIVE;
				GCC_WARN_UNUSED_FUNCTION = YES;
				GCC_WARN_UNUSED_VARIABLE = YES;
				IPHONEOS_DEPLOYMENT_TARGET = 8.4;
				MTL_ENABLE_DEBUG_INFO = YES;
				ONLY_ACTIVE_ARCH = YES;
				SDKROOT = iphoneos;
				SWIFT_OBJC_BRIDGING_HEADER = "Kakico/Kakico-Bridging-Header.h";
				"SWIFT_OBJC_BRIDGING_HEADER[arch=*]" = "Kakico/Kakico-Bridging-Header.h";
				SWIFT_OPTIMIZATION_LEVEL = "-Onone";
				TARGETED_DEVICE_FAMILY = "1,2";
			};
			name = Debug;
		};
		AB55C0521B8304830077C16C /* Release */ = {
			isa = XCBuildConfiguration;
			buildSettings = {
				ALWAYS_SEARCH_USER_PATHS = NO;
				CLANG_CXX_LANGUAGE_STANDARD = "gnu++0x";
				CLANG_CXX_LIBRARY = "libc++";
				CLANG_ENABLE_MODULES = YES;
				CLANG_ENABLE_OBJC_ARC = YES;
				CLANG_WARN_BOOL_CONVERSION = YES;
				CLANG_WARN_CONSTANT_CONVERSION = YES;
				CLANG_WARN_DIRECT_OBJC_ISA_USAGE = YES_ERROR;
				CLANG_WARN_EMPTY_BODY = YES;
				CLANG_WARN_ENUM_CONVERSION = YES;
				CLANG_WARN_INT_CONVERSION = YES;
				CLANG_WARN_OBJC_ROOT_CLASS = YES_ERROR;
				CLANG_WARN_UNREACHABLE_CODE = YES;
				CLANG_WARN__DUPLICATE_METHOD_MATCH = YES;
				"CODE_SIGN_IDENTITY[sdk=iphoneos*]" = "iPhone Developer";
				COPY_PHASE_STRIP = NO;
				DEBUG_INFORMATION_FORMAT = "dwarf-with-dsym";
				ENABLE_NS_ASSERTIONS = NO;
				ENABLE_STRICT_OBJC_MSGSEND = YES;
				GCC_C_LANGUAGE_STANDARD = gnu99;
				GCC_NO_COMMON_BLOCKS = YES;
				GCC_WARN_64_TO_32_BIT_CONVERSION = YES;
				GCC_WARN_ABOUT_RETURN_TYPE = YES_ERROR;
				GCC_WARN_UNDECLARED_SELECTOR = YES;
				GCC_WARN_UNINITIALIZED_AUTOS = YES_AGGRESSIVE;
				GCC_WARN_UNUSED_FUNCTION = YES;
				GCC_WARN_UNUSED_VARIABLE = YES;
				IPHONEOS_DEPLOYMENT_TARGET = 8.4;
				MTL_ENABLE_DEBUG_INFO = NO;
				SDKROOT = iphoneos;
				SWIFT_OBJC_BRIDGING_HEADER = "";
				TARGETED_DEVICE_FAMILY = "1,2";
				VALIDATE_PRODUCT = YES;
			};
			name = Release;
		};
		AB55C0541B8304830077C16C /* Debug */ = {
			isa = XCBuildConfiguration;
			baseConfigurationReference = 31D3F4020A52B9C72A4E00EE /* Pods.debug.xcconfig */;
			buildSettings = {
				ASSETCATALOG_COMPILER_APPICON_NAME = AppIcon;
				CODE_SIGN_IDENTITY = "iPhone Developer";
				INFOPLIST_FILE = "$(SRCROOT)/Kakico/Info.plist";
				LD_RUNPATH_SEARCH_PATHS = "$(inherited) @executable_path/Frameworks";
				PRODUCT_NAME = Kakico;
				SWIFT_OBJC_BRIDGING_HEADER = "Kakico/Kakico-Bridging-Header.h";
				TARGETED_DEVICE_FAMILY = 1;
			};
			name = Debug;
		};
		AB55C0551B8304830077C16C /* Release */ = {
			isa = XCBuildConfiguration;
			baseConfigurationReference = 0B37E5E41D741F08483B9CD0 /* Pods.release.xcconfig */;
			buildSettings = {
				ASSETCATALOG_COMPILER_APPICON_NAME = AppIcon;
				CODE_SIGN_IDENTITY = "iPhone Developer";
				INFOPLIST_FILE = "$(SRCROOT)/Kakico/Info.plist";
				LD_RUNPATH_SEARCH_PATHS = "$(inherited) @executable_path/Frameworks";
				PRODUCT_NAME = Kakico;
				SWIFT_OBJC_BRIDGING_HEADER = "Kakico/Kakico-Bridging-Header.h";
				TARGETED_DEVICE_FAMILY = 1;
			};
			name = Release;
		};
		AB55C0571B8304830077C16C /* Debug */ = {
			isa = XCBuildConfiguration;
			baseConfigurationReference = 31D3F4020A52B9C72A4E00EE /* Pods.debug.xcconfig */;
			buildSettings = {
				BUNDLE_LOADER = "$(TEST_HOST)";
				FRAMEWORK_SEARCH_PATHS = (
					"$(SDKROOT)/Developer/Library/Frameworks",
					"$(inherited)",
				);
				GCC_PREPROCESSOR_DEFINITIONS = (
					"DEBUG=1",
					"$(inherited)",
				);
				INFOPLIST_FILE = KakicoTests/Info.plist;
				LD_RUNPATH_SEARCH_PATHS = "$(inherited) @executable_path/Frameworks @loader_path/Frameworks";
				PRODUCT_NAME = KakicoTests;
				TEST_HOST = "$(BUILT_PRODUCTS_DIR)/Kakico.app/Kakico";
			};
			name = Debug;
		};
		AB55C0581B8304830077C16C /* Release */ = {
			isa = XCBuildConfiguration;
			baseConfigurationReference = 0B37E5E41D741F08483B9CD0 /* Pods.release.xcconfig */;
			buildSettings = {
				BUNDLE_LOADER = "$(TEST_HOST)";
				FRAMEWORK_SEARCH_PATHS = (
					"$(SDKROOT)/Developer/Library/Frameworks",
					"$(inherited)",
				);
				INFOPLIST_FILE = KakicoTests/Info.plist;
				LD_RUNPATH_SEARCH_PATHS = "$(inherited) @executable_path/Frameworks @loader_path/Frameworks";
				PRODUCT_NAME = KakicoTests;
				TEST_HOST = "$(BUILT_PRODUCTS_DIR)/Kakico.app/Kakico";
			};
			name = Release;
		};
/* End XCBuildConfiguration section */

/* Begin XCConfigurationList section */
		AB55C02F1B8304830077C16C /* Build configuration list for PBXProject "Kakico" */ = {
			isa = XCConfigurationList;
			buildConfigurations = (
				AB55C0511B8304830077C16C /* Debug */,
				AB55C0521B8304830077C16C /* Release */,
			);
			defaultConfigurationIsVisible = 0;
			defaultConfigurationName = Release;
		};
		AB55C0531B8304830077C16C /* Build configuration list for PBXNativeTarget "Kakico" */ = {
			isa = XCConfigurationList;
			buildConfigurations = (
				AB55C0541B8304830077C16C /* Debug */,
				AB55C0551B8304830077C16C /* Release */,
			);
			defaultConfigurationIsVisible = 0;
			defaultConfigurationName = Release;
		};
		AB55C0561B8304830077C16C /* Build configuration list for PBXNativeTarget "KakicoTests" */ = {
			isa = XCConfigurationList;
			buildConfigurations = (
				AB55C0571B8304830077C16C /* Debug */,
				AB55C0581B8304830077C16C /* Release */,
			);
			defaultConfigurationIsVisible = 0;
			defaultConfigurationName = Release;
		};
/* End XCConfigurationList section */
	};
	rootObject = AB55C02C1B8304830077C16C /* Project object */;
}
