// !$*UTF8*$!
{
	archiveVersion = 1;
	classes = {
	};
	objectVersion = 46;
	objects = {

/* Begin PBXBuildFile section */
		6B8255FD1B8AC8BA005E2397 /* UserTableViewCell.swift in Sources */ = {isa = PBXBuildFile; fileRef = 6B8255FC1B8AC8BA005E2397 /* UserTableViewCell.swift */; };
		6B8256011B8ACB8D005E2397 /* UserViewController.swift in Sources */ = {isa = PBXBuildFile; fileRef = 6B8256001B8ACB8D005E2397 /* UserViewController.swift */; };
		6B8256091B8AE755005E2397 /* User.swift in Sources */ = {isa = PBXBuildFile; fileRef = 6B8256081B8AE754005E2397 /* User.swift */; };
		6B82560A1B8AE755005E2397 /* User.swift in Sources */ = {isa = PBXBuildFile; fileRef = 6B8256081B8AE754005E2397 /* User.swift */; };
		6B82560C1B8AE79D005E2397 /* UserTests.swift in Sources */ = {isa = PBXBuildFile; fileRef = 6B82560B1B8AE79D005E2397 /* UserTests.swift */; };
		89878BAB1B842B41004CCD77 /* Micropost.swift in Sources */ = {isa = PBXBuildFile; fileRef = 89878BAA1B842B41004CCD77 /* Micropost.swift */; };
		89878BAC1B842B41004CCD77 /* Micropost.swift in Sources */ = {isa = PBXBuildFile; fileRef = 89878BAA1B842B41004CCD77 /* Micropost.swift */; };
		89878BB21B844E8C004CCD77 /* MicropostTableViewController.swift in Sources */ = {isa = PBXBuildFile; fileRef = 89878BB11B844E8C004CCD77 /* MicropostTableViewController.swift */; };
		AB55C03A1B8304830077C16C /* AppDelegate.swift in Sources */ = {isa = PBXBuildFile; fileRef = AB55C0391B8304830077C16C /* AppDelegate.swift */; };
		AB55C0411B8304830077C16C /* Images.xcassets in Resources */ = {isa = PBXBuildFile; fileRef = AB55C0401B8304830077C16C /* Images.xcassets */; };
		AB55C0501B8304830077C16C /* FoodTrackerTests.swift in Sources */ = {isa = PBXBuildFile; fileRef = AB55C04F1B8304830077C16C /* FoodTrackerTests.swift */; };
		AB785DDE1B846EED002DA142 /* MicropostlViewController.swift in Sources */ = {isa = PBXBuildFile; fileRef = AB785DDD1B846EED002DA142 /* MicropostlViewController.swift */; };
		AB785DE01B8486EF002DA142 /* Main.storyboard in Resources */ = {isa = PBXBuildFile; fileRef = AB785DDF1B8486EF002DA142 /* Main.storyboard */; };
		AB785DE21B848715002DA142 /* LaunchScreen.xib in Resources */ = {isa = PBXBuildFile; fileRef = AB785DE11B848715002DA142 /* LaunchScreen.xib */; };
		ABF1C7311B84557D00032F37 /* MicropostTableViewCell.swift in Sources */ = {isa = PBXBuildFile; fileRef = ABF1C7301B84557D00032F37 /* MicropostTableViewCell.swift */; };
/* End PBXBuildFile section */

/* Begin PBXContainerItemProxy section */
		AB55C04A1B8304830077C16C /* PBXContainerItemProxy */ = {
			isa = PBXContainerItemProxy;
			containerPortal = AB55C02C1B8304830077C16C /* Project object */;
			proxyType = 1;
			remoteGlobalIDString = AB55C0331B8304830077C16C;
			remoteInfo = FoodTracker;
		};
/* End PBXContainerItemProxy section */

/* Begin PBXFileReference section */
		6B8255FC1B8AC8BA005E2397 /* UserTableViewCell.swift */ = {isa = PBXFileReference; fileEncoding = 4; lastKnownFileType = sourcecode.swift; name = UserTableViewCell.swift; path = Classes/Views/Cells/UserTableViewCell.swift; sourceTree = "<group>"; };
		6B8256001B8ACB8D005E2397 /* UserViewController.swift */ = {isa = PBXFileReference; fileEncoding = 4; lastKnownFileType = sourcecode.swift; name = UserViewController.swift; path = Classes/Controllers/UserViewController.swift; sourceTree = "<group>"; };
		6B8256081B8AE754005E2397 /* User.swift */ = {isa = PBXFileReference; fileEncoding = 4; lastKnownFileType = sourcecode.swift; name = User.swift; path = Classes/Models/User.swift; sourceTree = "<group>"; };
		6B82560B1B8AE79D005E2397 /* UserTests.swift */ = {isa = PBXFileReference; fileEncoding = 4; lastKnownFileType = sourcecode.swift; name = UserTests.swift; path = FoodTrackerTests/UserTests.swift; sourceTree = SOURCE_ROOT; };
		89878BAA1B842B41004CCD77 /* Micropost.swift */ = {isa = PBXFileReference; fileEncoding = 4; lastKnownFileType = sourcecode.swift; name = Micropost.swift; path = Classes/Models/Micropost.swift; sourceTree = "<group>"; };
		89878BB11B844E8C004CCD77 /* MicropostTableViewController.swift */ = {isa = PBXFileReference; fileEncoding = 4; lastKnownFileType = sourcecode.swift; name = MicropostTableViewController.swift; path = Classes/Controllers/MicropostTableViewController.swift; sourceTree = "<group>"; };
		AB55C0341B8304830077C16C /* FoodTracker.app */ = {isa = PBXFileReference; explicitFileType = wrapper.application; includeInIndex = 0; path = FoodTracker.app; sourceTree = BUILT_PRODUCTS_DIR; };
		AB55C0381B8304830077C16C /* Info.plist */ = {isa = PBXFileReference; lastKnownFileType = text.plist.xml; path = Info.plist; sourceTree = "<group>"; };
		AB55C0391B8304830077C16C /* AppDelegate.swift */ = {isa = PBXFileReference; lastKnownFileType = sourcecode.swift; path = AppDelegate.swift; sourceTree = "<group>"; };
		AB55C0401B8304830077C16C /* Images.xcassets */ = {isa = PBXFileReference; lastKnownFileType = folder.assetcatalog; path = Images.xcassets; sourceTree = "<group>"; };
		AB55C0491B8304830077C16C /* FoodTrackerTests.xctest */ = {isa = PBXFileReference; explicitFileType = wrapper.cfbundle; includeInIndex = 0; path = FoodTrackerTests.xctest; sourceTree = BUILT_PRODUCTS_DIR; };
		AB55C04E1B8304830077C16C /* Info.plist */ = {isa = PBXFileReference; lastKnownFileType = text.plist.xml; path = Info.plist; sourceTree = "<group>"; };
		AB55C04F1B8304830077C16C /* FoodTrackerTests.swift */ = {isa = PBXFileReference; lastKnownFileType = sourcecode.swift; path = FoodTrackerTests.swift; sourceTree = "<group>"; };
		AB785DDD1B846EED002DA142 /* MicropostlViewController.swift */ = {isa = PBXFileReference; fileEncoding = 4; lastKnownFileType = sourcecode.swift; name = MicropostlViewController.swift; path = Classes/Controllers/MicropostlViewController.swift; sourceTree = "<group>"; };
		AB785DDF1B8486EF002DA142 /* Main.storyboard */ = {isa = PBXFileReference; lastKnownFileType = file.storyboard; name = Main.storyboard; path = Classes/Storyboards/Main.storyboard; sourceTree = "<group>"; };
		AB785DE11B848715002DA142 /* LaunchScreen.xib */ = {isa = PBXFileReference; lastKnownFileType = file.xib; name = LaunchScreen.xib; path = Classes/Xibs/LaunchScreen.xib; sourceTree = "<group>"; };
		ABF1C7301B84557D00032F37 /* MicropostTableViewCell.swift */ = {isa = PBXFileReference; lastKnownFileType = sourcecode.swift; name = MicropostTableViewCell.swift; path = Classes/Views/Cells/MicropostTableViewCell.swift; sourceTree = "<group>"; };
/* End PBXFileReference section */

/* Begin PBXFrameworksBuildPhase section */
		AB55C0311B8304830077C16C /* Frameworks */ = {
			isa = PBXFrameworksBuildPhase;
			buildActionMask = 2147483647;
			files = (
			);
			runOnlyForDeploymentPostprocessing = 0;
		};
		AB55C0461B8304830077C16C /* Frameworks */ = {
			isa = PBXFrameworksBuildPhase;
			buildActionMask = 2147483647;
			files = (
			);
			runOnlyForDeploymentPostprocessing = 0;
		};
/* End PBXFrameworksBuildPhase section */

/* Begin PBXGroup section */
		6BD417031B8C0CB60027BC14 /* Classes */ = {
			isa = PBXGroup;
			children = (
				6BD417051B8C0D0B0027BC14 /* Models */,
				6BD417061B8C0D200027BC14 /* Views */,
				6BD417041B8C0CBE0027BC14 /* Controllers */,
				6BD417071B8C0D300027BC14 /* Storyboards */,
				6BD417091B8C0D740027BC14 /* Xibs */,
			);
			name = Classes;
			sourceTree = "<group>";
		};
		6BD417041B8C0CBE0027BC14 /* Controllers */ = {
			isa = PBXGroup;
			children = (
				89878BB11B844E8C004CCD77 /* MicropostTableViewController.swift */,
				AB785DDD1B846EED002DA142 /* MicropostlViewController.swift */,
				6B8256001B8ACB8D005E2397 /* UserViewController.swift */,
			);
			name = Controllers;
			sourceTree = "<group>";
		};
		6BD417051B8C0D0B0027BC14 /* Models */ = {
			isa = PBXGroup;
			children = (
				89878BAA1B842B41004CCD77 /* Micropost.swift */,
				6B8256081B8AE754005E2397 /* User.swift */,
			);
			name = Models;
			sourceTree = "<group>";
		};
		6BD417061B8C0D200027BC14 /* Views */ = {
			isa = PBXGroup;
			children = (
				6BD417081B8C0D500027BC14 /* Cells */,
			);
			name = Views;
			sourceTree = "<group>";
		};
		6BD417071B8C0D300027BC14 /* Storyboards */ = {
			isa = PBXGroup;
			children = (
				AB785DDF1B8486EF002DA142 /* Main.storyboard */,
			);
			name = Storyboards;
			sourceTree = "<group>";
		};
		6BD417081B8C0D500027BC14 /* Cells */ = {
			isa = PBXGroup;
			children = (
				ABF1C7301B84557D00032F37 /* MicropostTableViewCell.swift */,
				6B8255FC1B8AC8BA005E2397 /* UserTableViewCell.swift */,
			);
			name = Cells;
			sourceTree = "<group>";
		};
		6BD417091B8C0D740027BC14 /* Xibs */ = {
			isa = PBXGroup;
			children = (
				AB785DE11B848715002DA142 /* LaunchScreen.xib */,
			);
			name = Xibs;
			sourceTree = "<group>";
		};
		AB55C02B1B8304830077C16C = {
			isa = PBXGroup;
			children = (
				AB55C0361B8304830077C16C /* FoodTracker */,
				AB55C04C1B8304830077C16C /* FoodTrackerTests */,
				AB55C0351B8304830077C16C /* Products */,
			);
			sourceTree = "<group>";
		};
		AB55C0351B8304830077C16C /* Products */ = {
			isa = PBXGroup;
			children = (
				AB55C0341B8304830077C16C /* FoodTracker.app */,
				AB55C0491B8304830077C16C /* FoodTrackerTests.xctest */,
			);
			name = Products;
			sourceTree = "<group>";
		};
		AB55C0361B8304830077C16C /* FoodTracker */ = {
			isa = PBXGroup;
			children = (
				AB55C0391B8304830077C16C /* AppDelegate.swift */,
				6BD417031B8C0CB60027BC14 /* Classes */,
				AB55C0401B8304830077C16C /* Images.xcassets */,
				AB55C0371B8304830077C16C /* Supporting Files */,
			);
			path = FoodTracker;
			sourceTree = "<group>";
		};
		AB55C0371B8304830077C16C /* Supporting Files */ = {
			isa = PBXGroup;
			children = (
				AB55C0381B8304830077C16C /* Info.plist */,
			);
			name = "Supporting Files";
			sourceTree = "<group>";
		};
		AB55C04C1B8304830077C16C /* FoodTrackerTests */ = {
			isa = PBXGroup;
			children = (
				AB55C04F1B8304830077C16C /* FoodTrackerTests.swift */,
				6B82560B1B8AE79D005E2397 /* UserTests.swift */,
				AB55C04D1B8304830077C16C /* Supporting Files */,
			);
			path = FoodTrackerTests;
			sourceTree = "<group>";
		};
		AB55C04D1B8304830077C16C /* Supporting Files */ = {
			isa = PBXGroup;
			children = (
				AB55C04E1B8304830077C16C /* Info.plist */,
			);
			name = "Supporting Files";
			sourceTree = "<group>";
		};
/* End PBXGroup section */

/* Begin PBXNativeTarget section */
		AB55C0331B8304830077C16C /* FoodTracker */ = {
			isa = PBXNativeTarget;
			buildConfigurationList = AB55C0531B8304830077C16C /* Build configuration list for PBXNativeTarget "FoodTracker" */;
			buildPhases = (
				AB55C0301B8304830077C16C /* Sources */,
				AB55C0311B8304830077C16C /* Frameworks */,
				AB55C0321B8304830077C16C /* Resources */,
			);
			buildRules = (
			);
			dependencies = (
			);
			name = FoodTracker;
			productName = FoodTracker;
			productReference = AB55C0341B8304830077C16C /* FoodTracker.app */;
			productType = "com.apple.product-type.application";
		};
		AB55C0481B8304830077C16C /* FoodTrackerTests */ = {
			isa = PBXNativeTarget;
			buildConfigurationList = AB55C0561B8304830077C16C /* Build configuration list for PBXNativeTarget "FoodTrackerTests" */;
			buildPhases = (
				AB55C0451B8304830077C16C /* Sources */,
				AB55C0461B8304830077C16C /* Frameworks */,
				AB55C0471B8304830077C16C /* Resources */,
			);
			buildRules = (
			);
			dependencies = (
				AB55C04B1B8304830077C16C /* PBXTargetDependency */,
			);
			name = FoodTrackerTests;
			productName = FoodTrackerTests;
			productReference = AB55C0491B8304830077C16C /* FoodTrackerTests.xctest */;
			productType = "com.apple.product-type.bundle.unit-test";
		};
/* End PBXNativeTarget section */

/* Begin PBXProject section */
		AB55C02C1B8304830077C16C /* Project object */ = {
			isa = PBXProject;
			attributes = {
				LastUpgradeCheck = 0640;
				ORGANIZATIONNAME = usr0600370;
				TargetAttributes = {
					AB55C0331B8304830077C16C = {
						CreatedOnToolsVersion = 6.4;
					};
					AB55C0481B8304830077C16C = {
						CreatedOnToolsVersion = 6.4;
						TestTargetID = AB55C0331B8304830077C16C;
					};
				};
			};
			buildConfigurationList = AB55C02F1B8304830077C16C /* Build configuration list for PBXProject "FoodTracker" */;
			compatibilityVersion = "Xcode 3.2";
			developmentRegion = English;
			hasScannedForEncodings = 0;
			knownRegions = (
				en,
				Base,
			);
			mainGroup = AB55C02B1B8304830077C16C;
			productRefGroup = AB55C0351B8304830077C16C /* Products */;
			projectDirPath = "";
			projectRoot = "";
			targets = (
				AB55C0331B8304830077C16C /* FoodTracker */,
				AB55C0481B8304830077C16C /* FoodTrackerTests */,
			);
		};
/* End PBXProject section */

/* Begin PBXResourcesBuildPhase section */
		AB55C0321B8304830077C16C /* Resources */ = {
			isa = PBXResourcesBuildPhase;
			buildActionMask = 2147483647;
			files = (
				AB785DE21B848715002DA142 /* LaunchScreen.xib in Resources */,
				AB785DE01B8486EF002DA142 /* Main.storyboard in Resources */,
				AB55C0411B8304830077C16C /* Images.xcassets in Resources */,
			);
			runOnlyForDeploymentPostprocessing = 0;
		};
		AB55C0471B8304830077C16C /* Resources */ = {
			isa = PBXResourcesBuildPhase;
			buildActionMask = 2147483647;
			files = (
			);
			runOnlyForDeploymentPostprocessing = 0;
		};
/* End PBXResourcesBuildPhase section */

/* Begin PBXSourcesBuildPhase section */
		AB55C0301B8304830077C16C /* Sources */ = {
			isa = PBXSourcesBuildPhase;
			buildActionMask = 2147483647;
			files = (
				ABF1C7311B84557D00032F37 /* MicropostTableViewCell.swift in Sources */,
				6B8256011B8ACB8D005E2397 /* UserViewController.swift in Sources */,
				89878BB21B844E8C004CCD77 /* MicropostTableViewController.swift in Sources */,
				6B8255FD1B8AC8BA005E2397 /* UserTableViewCell.swift in Sources */,
				6B8256091B8AE755005E2397 /* User.swift in Sources */,
				89878BAB1B842B41004CCD77 /* Micropost.swift in Sources */,
				AB55C03A1B8304830077C16C /* AppDelegate.swift in Sources */,
				AB785DDE1B846EED002DA142 /* MicropostlViewController.swift in Sources */,
			);
			runOnlyForDeploymentPostprocessing = 0;
		};
		AB55C0451B8304830077C16C /* Sources */ = {
			isa = PBXSourcesBuildPhase;
			buildActionMask = 2147483647;
			files = (
				6B82560C1B8AE79D005E2397 /* UserTests.swift in Sources */,
				89878BAC1B842B41004CCD77 /* Micropost.swift in Sources */,
				AB55C0501B8304830077C16C /* FoodTrackerTests.swift in Sources */,
				6B82560A1B8AE755005E2397 /* User.swift in Sources */,
			);
			runOnlyForDeploymentPostprocessing = 0;
		};
/* End PBXSourcesBuildPhase section */

/* Begin PBXTargetDependency section */
		AB55C04B1B8304830077C16C /* PBXTargetDependency */ = {
			isa = PBXTargetDependency;
			target = AB55C0331B8304830077C16C /* FoodTracker */;
			targetProxy = AB55C04A1B8304830077C16C /* PBXContainerItemProxy */;
		};
/* End PBXTargetDependency section */

/* Begin XCBuildConfiguration section */
		AB55C0511B8304830077C16C /* Debug */ = {
			isa = XCBuildConfiguration;
			buildSettings = {
				ALWAYS_SEARCH_USER_PATHS = NO;
				CLANG_CXX_LANGUAGE_STANDARD = "gnu++0x";
				CLANG_CXX_LIBRARY = "libc++";
				CLANG_ENABLE_MODULES = YES;
				CLANG_ENABLE_OBJC_ARC = YES;
				CLANG_WARN_BOOL_CONVERSION = YES;
				CLANG_WARN_CONSTANT_CONVERSION = YES;
				CLANG_WARN_DIRECT_OBJC_ISA_USAGE = YES_ERROR;
				CLANG_WARN_EMPTY_BODY = YES;
				CLANG_WARN_ENUM_CONVERSION = YES;
				CLANG_WARN_INT_CONVERSION = YES;
				CLANG_WARN_OBJC_ROOT_CLASS = YES_ERROR;
				CLANG_WARN_UNREACHABLE_CODE = YES;
				CLANG_WARN__DUPLICATE_METHOD_MATCH = YES;
				"CODE_SIGN_IDENTITY[sdk=iphoneos*]" = "iPhone Developer";
				COPY_PHASE_STRIP = NO;
				DEBUG_INFORMATION_FORMAT = "dwarf-with-dsym";
				ENABLE_STRICT_OBJC_MSGSEND = YES;
				GCC_C_LANGUAGE_STANDARD = gnu99;
				GCC_DYNAMIC_NO_PIC = NO;
				GCC_NO_COMMON_BLOCKS = YES;
				GCC_OPTIMIZATION_LEVEL = 0;
				GCC_PREPROCESSOR_DEFINITIONS = (
					"DEBUG=1",
					"$(inherited)",
				);
				GCC_SYMBOLS_PRIVATE_EXTERN = NO;
				GCC_WARN_64_TO_32_BIT_CONVERSION = YES;
				GCC_WARN_ABOUT_RETURN_TYPE = YES_ERROR;
				GCC_WARN_UNDECLARED_SELECTOR = YES;
				GCC_WARN_UNINITIALIZED_AUTOS = YES_AGGRESSIVE;
				GCC_WARN_UNUSED_FUNCTION = YES;
				GCC_WARN_UNUSED_VARIABLE = YES;
				IPHONEOS_DEPLOYMENT_TARGET = 8.4;
				MTL_ENABLE_DEBUG_INFO = YES;
				ONLY_ACTIVE_ARCH = YES;
				SDKROOT = iphoneos;
				SWIFT_OPTIMIZATION_LEVEL = "-Onone";
				TARGETED_DEVICE_FAMILY = "1,2";
			};
			name = Debug;
		};
		AB55C0521B8304830077C16C /* Release */ = {
			isa = XCBuildConfiguration;
			buildSettings = {
				ALWAYS_SEARCH_USER_PATHS = NO;
				CLANG_CXX_LANGUAGE_STANDARD = "gnu++0x";
				CLANG_CXX_LIBRARY = "libc++";
				CLANG_ENABLE_MODULES = YES;
				CLANG_ENABLE_OBJC_ARC = YES;
				CLANG_WARN_BOOL_CONVERSION = YES;
				CLANG_WARN_CONSTANT_CONVERSION = YES;
				CLANG_WARN_DIRECT_OBJC_ISA_USAGE = YES_ERROR;
				CLANG_WARN_EMPTY_BODY = YES;
				CLANG_WARN_ENUM_CONVERSION = YES;
				CLANG_WARN_INT_CONVERSION = YES;
				CLANG_WARN_OBJC_ROOT_CLASS = YES_ERROR;
				CLANG_WARN_UNREACHABLE_CODE = YES;
				CLANG_WARN__DUPLICATE_METHOD_MATCH = YES;
				"CODE_SIGN_IDENTITY[sdk=iphoneos*]" = "iPhone Developer";
				COPY_PHASE_STRIP = NO;
				DEBUG_INFORMATION_FORMAT = "dwarf-with-dsym";
				ENABLE_NS_ASSERTIONS = NO;
				ENABLE_STRICT_OBJC_MSGSEND = YES;
				GCC_C_LANGUAGE_STANDARD = gnu99;
				GCC_NO_COMMON_BLOCKS = YES;
				GCC_WARN_64_TO_32_BIT_CONVERSION = YES;
				GCC_WARN_ABOUT_RETURN_TYPE = YES_ERROR;
				GCC_WARN_UNDECLARED_SELECTOR = YES;
				GCC_WARN_UNINITIALIZED_AUTOS = YES_AGGRESSIVE;
				GCC_WARN_UNUSED_FUNCTION = YES;
				GCC_WARN_UNUSED_VARIABLE = YES;
				IPHONEOS_DEPLOYMENT_TARGET = 8.4;
				MTL_ENABLE_DEBUG_INFO = NO;
				SDKROOT = iphoneos;
				TARGETED_DEVICE_FAMILY = "1,2";
				VALIDATE_PRODUCT = YES;
			};
			name = Release;
		};
		AB55C0541B8304830077C16C /* Debug */ = {
			isa = XCBuildConfiguration;
			buildSettings = {
				ASSETCATALOG_COMPILER_APPICON_NAME = AppIcon;
				INFOPLIST_FILE = FoodTracker/Info.plist;
				LD_RUNPATH_SEARCH_PATHS = "$(inherited) @executable_path/Frameworks";
				PRODUCT_NAME = "$(TARGET_NAME)";
			};
			name = Debug;
		};
		AB55C0551B8304830077C16C /* Release */ = {
			isa = XCBuildConfiguration;
			buildSettings = {
				ASSETCATALOG_COMPILER_APPICON_NAME = AppIcon;
				INFOPLIST_FILE = FoodTracker/Info.plist;
				LD_RUNPATH_SEARCH_PATHS = "$(inherited) @executable_path/Frameworks";
				PRODUCT_NAME = "$(TARGET_NAME)";
			};
			name = Release;
		};
		AB55C0571B8304830077C16C /* Debug */ = {
			isa = XCBuildConfiguration;
			buildSettings = {
				BUNDLE_LOADER = "$(TEST_HOST)";
				FRAMEWORK_SEARCH_PATHS = (
					"$(SDKROOT)/Developer/Library/Frameworks",
					"$(inherited)",
				);
				GCC_PREPROCESSOR_DEFINITIONS = (
					"DEBUG=1",
					"$(inherited)",
				);
				INFOPLIST_FILE = FoodTrackerTests/Info.plist;
				LD_RUNPATH_SEARCH_PATHS = "$(inherited) @executable_path/Frameworks @loader_path/Frameworks";
				PRODUCT_NAME = "$(TARGET_NAME)";
				TEST_HOST = "$(BUILT_PRODUCTS_DIR)/FoodTracker.app/FoodTracker";
			};
			name = Debug;
		};
		AB55C0581B8304830077C16C /* Release */ = {
			isa = XCBuildConfiguration;
			buildSettings = {
				BUNDLE_LOADER = "$(TEST_HOST)";
				FRAMEWORK_SEARCH_PATHS = (
					"$(SDKROOT)/Developer/Library/Frameworks",
					"$(inherited)",
				);
				INFOPLIST_FILE = FoodTrackerTests/Info.plist;
				LD_RUNPATH_SEARCH_PATHS = "$(inherited) @executable_path/Frameworks @loader_path/Frameworks";
				PRODUCT_NAME = "$(TARGET_NAME)";
				TEST_HOST = "$(BUILT_PRODUCTS_DIR)/FoodTracker.app/FoodTracker";
			};
			name = Release;
		};
/* End XCBuildConfiguration section */

/* Begin XCConfigurationList section */
		AB55C02F1B8304830077C16C /* Build configuration list for PBXProject "FoodTracker" */ = {
			isa = XCConfigurationList;
			buildConfigurations = (
				AB55C0511B8304830077C16C /* Debug */,
				AB55C0521B8304830077C16C /* Release */,
			);
			defaultConfigurationIsVisible = 0;
			defaultConfigurationName = Release;
		};
		AB55C0531B8304830077C16C /* Build configuration list for PBXNativeTarget "FoodTracker" */ = {
			isa = XCConfigurationList;
			buildConfigurations = (
				AB55C0541B8304830077C16C /* Debug */,
				AB55C0551B8304830077C16C /* Release */,
			);
			defaultConfigurationIsVisible = 0;
			defaultConfigurationName = Release;
		};
		AB55C0561B8304830077C16C /* Build configuration list for PBXNativeTarget "FoodTrackerTests" */ = {
			isa = XCConfigurationList;
			buildConfigurations = (
				AB55C0571B8304830077C16C /* Debug */,
				AB55C0581B8304830077C16C /* Release */,
			);
			defaultConfigurationIsVisible = 0;
			defaultConfigurationName = Release;
		};
/* End XCConfigurationList section */
	};
	rootObject = AB55C02C1B8304830077C16C /* Project object */;
}
